// !$*UTF8*$!
{
	archiveVersion = 1;
	classes = {
	};
	objectVersion = 56;
	objects = {

/* Begin PBXBuildFile section */
		E4473A4D2E7A79B5009D3FCF /* TrendyProductsTableCell.swift in Sources */ = {isa = PBXBuildFile; fileRef = E4473A4B2E7A79B4009D3FCF /* TrendyProductsTableCell.swift */; };
		E4473A4E2E7A79B5009D3FCF /* TrendyProductsTableCell.xib in Resources */ = {isa = PBXBuildFile; fileRef = E4473A4C2E7A79B4009D3FCF /* TrendyProductsTableCell.xib */; };
		E4473A512E7A79DE009D3FCF /* TrendyProductCollectionCell.swift in Sources */ = {isa = PBXBuildFile; fileRef = E4473A4F2E7A79DE009D3FCF /* TrendyProductCollectionCell.swift */; };
		E4473A522E7A79DE009D3FCF /* TrendyProductCollectionCell.xib in Resources */ = {isa = PBXBuildFile; fileRef = E4473A502E7A79DE009D3FCF /* TrendyProductCollectionCell.xib */; };
		E4473A592E7AAB5D009D3FCF /* PremiumShopTableCell.swift in Sources */ = {isa = PBXBuildFile; fileRef = E4473A572E7AAB5C009D3FCF /* PremiumShopTableCell.swift */; };
		E4473A5A2E7AAB5D009D3FCF /* PremiumShopTableCell.xib in Resources */ = {isa = PBXBuildFile; fileRef = E4473A582E7AAB5C009D3FCF /* PremiumShopTableCell.xib */; };
		E4473A5D2E7AAC26009D3FCF /* PremiumShopCollectionCell.swift in Sources */ = {isa = PBXBuildFile; fileRef = E4473A5B2E7AAC26009D3FCF /* PremiumShopCollectionCell.swift */; };
		E4473A5E2E7AAC26009D3FCF /* PremiumShopCollectionCell.xib in Resources */ = {isa = PBXBuildFile; fileRef = E4473A5C2E7AAC26009D3FCF /* PremiumShopCollectionCell.xib */; };
		E4473A612E7ABFC3009D3FCF /* ServicesCollectionCell.swift in Sources */ = {isa = PBXBuildFile; fileRef = E4473A5F2E7ABFC2009D3FCF /* ServicesCollectionCell.swift */; };
		E4473A622E7ABFC3009D3FCF /* ServicesCollectionCell.xib in Resources */ = {isa = PBXBuildFile; fileRef = E4473A602E7ABFC2009D3FCF /* ServicesCollectionCell.xib */; };
		E4473A652E7AC35D009D3FCF /* PremimumShopTableCell.swift in Sources */ = {isa = PBXBuildFile; fileRef = E4473A632E7AC35D009D3FCF /* PremimumShopTableCell.swift */; };
		E4473A662E7AC35D009D3FCF /* PremimumShopTableCell.xib in Resources */ = {isa = PBXBuildFile; fileRef = E4473A642E7AC35D009D3FCF /* PremimumShopTableCell.xib */; };
		E44A67D02E797FC30017A3F8 /* ImageDownloadManager.swift in Sources */ = {isa = PBXBuildFile; fileRef = E44A67CF2E797FC30017A3F8 /* ImageDownloadManager.swift */; };
		E44A67D32E7980780017A3F8 /* ProductsCollectionCell.swift in Sources */ = {isa = PBXBuildFile; fileRef = E44A67D12E7980780017A3F8 /* ProductsCollectionCell.swift */; };
		E44A67D42E7980780017A3F8 /* ProductsCollectionCell.xib in Resources */ = {isa = PBXBuildFile; fileRef = E44A67D22E7980780017A3F8 /* ProductsCollectionCell.xib */; };
		E44A67D72E7981570017A3F8 /* ProductsTableViewCell.swift in Sources */ = {isa = PBXBuildFile; fileRef = E44A67D52E7981570017A3F8 /* ProductsTableViewCell.swift */; };
		E44A67D82E7981570017A3F8 /* ProductsTableViewCell.xib in Resources */ = {isa = PBXBuildFile; fileRef = E44A67D62E7981570017A3F8 /* ProductsTableViewCell.xib */; };
		E44A67DB2E798E6A0017A3F8 /* TopBrandsTableCell.swift in Sources */ = {isa = PBXBuildFile; fileRef = E44A67D92E798E6A0017A3F8 /* TopBrandsTableCell.swift */; };
		E44A67DC2E798E6A0017A3F8 /* TopBrandsTableCell.xib in Resources */ = {isa = PBXBuildFile; fileRef = E44A67DA2E798E6A0017A3F8 /* TopBrandsTableCell.xib */; };
		E44A67DF2E798E8B0017A3F8 /* TopBrandsCollectionCell.swift in Sources */ = {isa = PBXBuildFile; fileRef = E44A67DD2E798E8B0017A3F8 /* TopBrandsCollectionCell.swift */; };
		E44A67E02E798E8B0017A3F8 /* TopBrandsCollectionCell.xib in Resources */ = {isa = PBXBuildFile; fileRef = E44A67DE2E798E8B0017A3F8 /* TopBrandsCollectionCell.xib */; };
		E4FB101D2E7925E500DB6CB6 /* AppDelegate.swift in Sources */ = {isa = PBXBuildFile; fileRef = E4FB101C2E7925E500DB6CB6 /* AppDelegate.swift */; };
		E4FB101F2E7925E500DB6CB6 /* SceneDelegate.swift in Sources */ = {isa = PBXBuildFile; fileRef = E4FB101E2E7925E500DB6CB6 /* SceneDelegate.swift */; };
		E4FB10212E7925E500DB6CB6 /* ViewController.swift in Sources */ = {isa = PBXBuildFile; fileRef = E4FB10202E7925E500DB6CB6 /* ViewController.swift */; };
		E4FB10242E7925E500DB6CB6 /* Main.storyboard in Resources */ = {isa = PBXBuildFile; fileRef = E4FB10222E7925E500DB6CB6 /* Main.storyboard */; };
		E4FB10262E7925E800DB6CB6 /* Assets.xcassets in Resources */ = {isa = PBXBuildFile; fileRef = E4FB10252E7925E800DB6CB6 /* Assets.xcassets */; };
		E4FB10292E7925E800DB6CB6 /* LaunchScreen.storyboard in Resources */ = {isa = PBXBuildFile; fileRef = E4FB10272E7925E800DB6CB6 /* LaunchScreen.storyboard */; };
		E4FB10342E7925E900DB6CB6 /* Test_AppTests.swift in Sources */ = {isa = PBXBuildFile; fileRef = E4FB10332E7925E900DB6CB6 /* Test_AppTests.swift */; };
		E4FB103E2E7925E900DB6CB6 /* Test_AppUITests.swift in Sources */ = {isa = PBXBuildFile; fileRef = E4FB103D2E7925E900DB6CB6 /* Test_AppUITests.swift */; };
		E4FB10402E7925E900DB6CB6 /* Test_AppUITestsLaunchTests.swift in Sources */ = {isa = PBXBuildFile; fileRef = E4FB103F2E7925E900DB6CB6 /* Test_AppUITestsLaunchTests.swift */; };
		E4FB10572E7950A400DB6CB6 /* ShopCategoryCollectionCell.swift in Sources */ = {isa = PBXBuildFile; fileRef = E4FB10552E7950A400DB6CB6 /* ShopCategoryCollectionCell.swift */; };
		E4FB10582E7950A400DB6CB6 /* ShopCategoryCollectionCell.xib in Resources */ = {isa = PBXBuildFile; fileRef = E4FB10562E7950A400DB6CB6 /* ShopCategoryCollectionCell.xib */; };
		E4FB105B2E79528600DB6CB6 /* ShopCategoryTableCell.swift in Sources */ = {isa = PBXBuildFile; fileRef = E4FB10592E79528600DB6CB6 /* ShopCategoryTableCell.swift */; };
		E4FB105C2E79528600DB6CB6 /* ShopCategoryTableCell.xib in Resources */ = {isa = PBXBuildFile; fileRef = E4FB105A2E79528600DB6CB6 /* ShopCategoryTableCell.xib */; };
		E4FB105E2E7957B400DB6CB6 /* ProductsViewModel.swift in Sources */ = {isa = PBXBuildFile; fileRef = E4FB105D2E7957B400DB6CB6 /* ProductsViewModel.swift */; };
		E4FB10602E7958B600DB6CB6 /* ProductListModel.swift in Sources */ = {isa = PBXBuildFile; fileRef = E4FB105F2E7958B600DB6CB6 /* ProductListModel.swift */; };
/* End PBXBuildFile section */

/* Begin PBXContainerItemProxy section */
		E4FB10302E7925E900DB6CB6 /* PBXContainerItemProxy */ = {
			isa = PBXContainerItemProxy;
			containerPortal = E4FB10112E7925E500DB6CB6 /* Project object */;
			proxyType = 1;
			remoteGlobalIDString = E4FB10182E7925E500DB6CB6;
			remoteInfo = "Test App";
		};
		E4FB103A2E7925E900DB6CB6 /* PBXContainerItemProxy */ = {
			isa = PBXContainerItemProxy;
			containerPortal = E4FB10112E7925E500DB6CB6 /* Project object */;
			proxyType = 1;
			remoteGlobalIDString = E4FB10182E7925E500DB6CB6;
			remoteInfo = "Test App";
		};
/* End PBXContainerItemProxy section */

/* Begin PBXFileReference section */
		E4473A4B2E7A79B4009D3FCF /* TrendyProductsTableCell.swift */ = {isa = PBXFileReference; lastKnownFileType = sourcecode.swift; path = TrendyProductsTableCell.swift; sourceTree = "<group>"; };
		E4473A4C2E7A79B4009D3FCF /* TrendyProductsTableCell.xib */ = {isa = PBXFileReference; lastKnownFileType = file.xib; path = TrendyProductsTableCell.xib; sourceTree = "<group>"; };
		E4473A4F2E7A79DE009D3FCF /* TrendyProductCollectionCell.swift */ = {isa = PBXFileReference; lastKnownFileType = sourcecode.swift; path = TrendyProductCollectionCell.swift; sourceTree = "<group>"; };
		E4473A502E7A79DE009D3FCF /* TrendyProductCollectionCell.xib */ = {isa = PBXFileReference; lastKnownFileType = file.xib; path = TrendyProductCollectionCell.xib; sourceTree = "<group>"; };
		E4473A572E7AAB5C009D3FCF /* PremiumShopTableCell.swift */ = {isa = PBXFileReference; lastKnownFileType = sourcecode.swift; path = PremiumShopTableCell.swift; sourceTree = "<group>"; };
		E4473A582E7AAB5C009D3FCF /* PremiumShopTableCell.xib */ = {isa = PBXFileReference; lastKnownFileType = file.xib; path = PremiumShopTableCell.xib; sourceTree = "<group>"; };
		E4473A5B2E7AAC26009D3FCF /* PremiumShopCollectionCell.swift */ = {isa = PBXFileReference; lastKnownFileType = sourcecode.swift; path = PremiumShopCollectionCell.swift; sourceTree = "<group>"; };
		E4473A5C2E7AAC26009D3FCF /* PremiumShopCollectionCell.xib */ = {isa = PBXFileReference; lastKnownFileType = file.xib; path = PremiumShopCollectionCell.xib; sourceTree = "<group>"; };
		E4473A5F2E7ABFC2009D3FCF /* ServicesCollectionCell.swift */ = {isa = PBXFileReference; lastKnownFileType = sourcecode.swift; path = ServicesCollectionCell.swift; sourceTree = "<group>"; };
		E4473A602E7ABFC2009D3FCF /* ServicesCollectionCell.xib */ = {isa = PBXFileReference; lastKnownFileType = file.xib; path = ServicesCollectionCell.xib; sourceTree = "<group>"; };
		E4473A632E7AC35D009D3FCF /* PremimumShopTableCell.swift */ = {isa = PBXFileReference; lastKnownFileType = sourcecode.swift; path = PremimumShopTableCell.swift; sourceTree = "<group>"; };
		E4473A642E7AC35D009D3FCF /* PremimumShopTableCell.xib */ = {isa = PBXFileReference; lastKnownFileType = file.xib; path = PremimumShopTableCell.xib; sourceTree = "<group>"; };
		E44A67CF2E797FC30017A3F8 /* ImageDownloadManager.swift */ = {isa = PBXFileReference; lastKnownFileType = sourcecode.swift; path = ImageDownloadManager.swift; sourceTree = "<group>"; };
		E44A67D12E7980780017A3F8 /* ProductsCollectionCell.swift */ = {isa = PBXFileReference; lastKnownFileType = sourcecode.swift; path = ProductsCollectionCell.swift; sourceTree = "<group>"; };
		E44A67D22E7980780017A3F8 /* ProductsCollectionCell.xib */ = {isa = PBXFileReference; lastKnownFileType = file.xib; path = ProductsCollectionCell.xib; sourceTree = "<group>"; };
		E44A67D52E7981570017A3F8 /* ProductsTableViewCell.swift */ = {isa = PBXFileReference; lastKnownFileType = sourcecode.swift; path = ProductsTableViewCell.swift; sourceTree = "<group>"; };
		E44A67D62E7981570017A3F8 /* ProductsTableViewCell.xib */ = {isa = PBXFileReference; lastKnownFileType = file.xib; path = ProductsTableViewCell.xib; sourceTree = "<group>"; };
		E44A67D92E798E6A0017A3F8 /* TopBrandsTableCell.swift */ = {isa = PBXFileReference; lastKnownFileType = sourcecode.swift; path = TopBrandsTableCell.swift; sourceTree = "<group>"; };
		E44A67DA2E798E6A0017A3F8 /* TopBrandsTableCell.xib */ = {isa = PBXFileReference; lastKnownFileType = file.xib; path = TopBrandsTableCell.xib; sourceTree = "<group>"; };
		E44A67DD2E798E8B0017A3F8 /* TopBrandsCollectionCell.swift */ = {isa = PBXFileReference; lastKnownFileType = sourcecode.swift; path = TopBrandsCollectionCell.swift; sourceTree = "<group>"; };
		E44A67DE2E798E8B0017A3F8 /* TopBrandsCollectionCell.xib */ = {isa = PBXFileReference; lastKnownFileType = file.xib; path = TopBrandsCollectionCell.xib; sourceTree = "<group>"; };
		E4FB10192E7925E500DB6CB6 /* Test App.app */ = {isa = PBXFileReference; explicitFileType = wrapper.application; includeInIndex = 0; path = "Test App.app"; sourceTree = BUILT_PRODUCTS_DIR; };
		E4FB101C2E7925E500DB6CB6 /* AppDelegate.swift */ = {isa = PBXFileReference; lastKnownFileType = sourcecode.swift; path = AppDelegate.swift; sourceTree = "<group>"; };
		E4FB101E2E7925E500DB6CB6 /* SceneDelegate.swift */ = {isa = PBXFileReference; lastKnownFileType = sourcecode.swift; path = SceneDelegate.swift; sourceTree = "<group>"; };
		E4FB10202E7925E500DB6CB6 /* ViewController.swift */ = {isa = PBXFileReference; lastKnownFileType = sourcecode.swift; path = ViewController.swift; sourceTree = "<group>"; };
		E4FB10232E7925E500DB6CB6 /* Base */ = {isa = PBXFileReference; lastKnownFileType = file.storyboard; name = Base; path = Base.lproj/Main.storyboard; sourceTree = "<group>"; };
		E4FB10252E7925E800DB6CB6 /* Assets.xcassets */ = {isa = PBXFileReference; lastKnownFileType = folder.assetcatalog; path = Assets.xcassets; sourceTree = "<group>"; };
		E4FB10282E7925E800DB6CB6 /* Base */ = {isa = PBXFileReference; lastKnownFileType = file.storyboard; name = Base; path = Base.lproj/LaunchScreen.storyboard; sourceTree = "<group>"; };
		E4FB102A2E7925E800DB6CB6 /* Info.plist */ = {isa = PBXFileReference; lastKnownFileType = text.plist.xml; path = Info.plist; sourceTree = "<group>"; };
		E4FB102F2E7925E900DB6CB6 /* Test AppTests.xctest */ = {isa = PBXFileReference; explicitFileType = wrapper.cfbundle; includeInIndex = 0; path = "Test AppTests.xctest"; sourceTree = BUILT_PRODUCTS_DIR; };
		E4FB10332E7925E900DB6CB6 /* Test_AppTests.swift */ = {isa = PBXFileReference; lastKnownFileType = sourcecode.swift; path = Test_AppTests.swift; sourceTree = "<group>"; };
		E4FB10392E7925E900DB6CB6 /* Test AppUITests.xctest */ = {isa = PBXFileReference; explicitFileType = wrapper.cfbundle; includeInIndex = 0; path = "Test AppUITests.xctest"; sourceTree = BUILT_PRODUCTS_DIR; };
		E4FB103D2E7925E900DB6CB6 /* Test_AppUITests.swift */ = {isa = PBXFileReference; lastKnownFileType = sourcecode.swift; path = Test_AppUITests.swift; sourceTree = "<group>"; };
		E4FB103F2E7925E900DB6CB6 /* Test_AppUITestsLaunchTests.swift */ = {isa = PBXFileReference; lastKnownFileType = sourcecode.swift; path = Test_AppUITestsLaunchTests.swift; sourceTree = "<group>"; };
		E4FB10552E7950A400DB6CB6 /* ShopCategoryCollectionCell.swift */ = {isa = PBXFileReference; lastKnownFileType = sourcecode.swift; path = ShopCategoryCollectionCell.swift; sourceTree = "<group>"; };
		E4FB10562E7950A400DB6CB6 /* ShopCategoryCollectionCell.xib */ = {isa = PBXFileReference; lastKnownFileType = file.xib; path = ShopCategoryCollectionCell.xib; sourceTree = "<group>"; };
		E4FB10592E79528600DB6CB6 /* ShopCategoryTableCell.swift */ = {isa = PBXFileReference; lastKnownFileType = sourcecode.swift; path = ShopCategoryTableCell.swift; sourceTree = "<group>"; };
		E4FB105A2E79528600DB6CB6 /* ShopCategoryTableCell.xib */ = {isa = PBXFileReference; lastKnownFileType = file.xib; path = ShopCategoryTableCell.xib; sourceTree = "<group>"; };
		E4FB105D2E7957B400DB6CB6 /* ProductsViewModel.swift */ = {isa = PBXFileReference; lastKnownFileType = sourcecode.swift; path = ProductsViewModel.swift; sourceTree = "<group>"; };
		E4FB105F2E7958B600DB6CB6 /* ProductListModel.swift */ = {isa = PBXFileReference; lastKnownFileType = sourcecode.swift; path = ProductListModel.swift; sourceTree = "<group>"; };
/* End PBXFileReference section */

/* Begin PBXFrameworksBuildPhase section */
		E4FB10162E7925E500DB6CB6 /* Frameworks */ = {
			isa = PBXFrameworksBuildPhase;
			buildActionMask = 2147483647;
			files = (
			);
			runOnlyForDeploymentPostprocessing = 0;
		};
		E4FB102C2E7925E900DB6CB6 /* Frameworks */ = {
			isa = PBXFrameworksBuildPhase;
			buildActionMask = 2147483647;
			files = (
			);
			runOnlyForDeploymentPostprocessing = 0;
		};
		E4FB10362E7925E900DB6CB6 /* Frameworks */ = {
			isa = PBXFrameworksBuildPhase;
			buildActionMask = 2147483647;
			files = (
			);
			runOnlyForDeploymentPostprocessing = 0;
		};
/* End PBXFrameworksBuildPhase section */

/* Begin PBXGroup section */
		E44A67CE2E797FA10017A3F8 /* ImageDownloadManager */ = {
			isa = PBXGroup;
			children = (
			);
			path = ImageDownloadManager;
			sourceTree = "<group>";
		};
		E4FB10102E7925E500DB6CB6 = {
			isa = PBXGroup;
			children = (
				E4FB101B2E7925E500DB6CB6 /* Test App */,
				E4FB10322E7925E900DB6CB6 /* Test AppTests */,
				E4FB103C2E7925E900DB6CB6 /* Test AppUITests */,
				E4FB101A2E7925E500DB6CB6 /* Products */,
			);
			sourceTree = "<group>";
		};
		E4FB101A2E7925E500DB6CB6 /* Products */ = {
			isa = PBXGroup;
			children = (
				E4FB10192E7925E500DB6CB6 /* Test App.app */,
				E4FB102F2E7925E900DB6CB6 /* Test AppTests.xctest */,
				E4FB10392E7925E900DB6CB6 /* Test AppUITests.xctest */,
			);
			name = Products;
			sourceTree = "<group>";
		};
		E4FB101B2E7925E500DB6CB6 /* Test App */ = {
			isa = PBXGroup;
			children = (
				E4FB10522E79500400DB6CB6 /* Storyboard */,
				E4FB10502E794FE400DB6CB6 /* Utility */,
				E4FB104F2E794FD700DB6CB6 /* Model */,
				E4FB104E2E794FCB00DB6CB6 /* ViewModel */,
				E4FB104D2E794FBC00DB6CB6 /* Controller */,
				E4FB104C2E794FA900DB6CB6 /* AppConfiguration */,
				E4FB10252E7925E800DB6CB6 /* Assets.xcassets */,
				E4FB10272E7925E800DB6CB6 /* LaunchScreen.storyboard */,
				E4FB102A2E7925E800DB6CB6 /* Info.plist */,
			);
			path = "Test App";
			sourceTree = "<group>";
		};
		E4FB10322E7925E900DB6CB6 /* Test AppTests */ = {
			isa = PBXGroup;
			children = (
				E4FB10332E7925E900DB6CB6 /* Test_AppTests.swift */,
			);
			path = "Test AppTests";
			sourceTree = "<group>";
		};
		E4FB103C2E7925E900DB6CB6 /* Test AppUITests */ = {
			isa = PBXGroup;
			children = (
				E4FB103D2E7925E900DB6CB6 /* Test_AppUITests.swift */,
				E4FB103F2E7925E900DB6CB6 /* Test_AppUITestsLaunchTests.swift */,
			);
			path = "Test AppUITests";
			sourceTree = "<group>";
		};
		E4FB104C2E794FA900DB6CB6 /* AppConfiguration */ = {
			isa = PBXGroup;
			children = (
				E4FB101C2E7925E500DB6CB6 /* AppDelegate.swift */,
				E4FB101E2E7925E500DB6CB6 /* SceneDelegate.swift */,
			);
			path = AppConfiguration;
			sourceTree = "<group>";
		};
		E4FB104D2E794FBC00DB6CB6 /* Controller */ = {
			isa = PBXGroup;
			children = (
				E4FB10532E79501900DB6CB6 /* HomeController */,
			);
			path = Controller;
			sourceTree = "<group>";
		};
		E4FB104E2E794FCB00DB6CB6 /* ViewModel */ = {
			isa = PBXGroup;
			children = (
				E4FB105D2E7957B400DB6CB6 /* ProductsViewModel.swift */,
			);
			path = ViewModel;
			sourceTree = "<group>";
		};
		E4FB104F2E794FD700DB6CB6 /* Model */ = {
			isa = PBXGroup;
			children = (
				E4FB105F2E7958B600DB6CB6 /* ProductListModel.swift */,
			);
			path = Model;
			sourceTree = "<group>";
		};
		E4FB10502E794FE400DB6CB6 /* Utility */ = {
			isa = PBXGroup;
			children = (
				E44A67CE2E797FA10017A3F8 /* ImageDownloadManager */,
				E44A67CF2E797FC30017A3F8 /* ImageDownloadManager.swift */,
			);
			path = Utility;
			sourceTree = "<group>";
		};
		E4FB10522E79500400DB6CB6 /* Storyboard */ = {
			isa = PBXGroup;
			children = (
				E4FB10222E7925E500DB6CB6 /* Main.storyboard */,
			);
			path = Storyboard;
			sourceTree = "<group>";
		};
		E4FB10532E79501900DB6CB6 /* HomeController */ = {
			isa = PBXGroup;
			children = (
				E4FB10542E79505E00DB6CB6 /* XIB */,
				E4FB10202E7925E500DB6CB6 /* ViewController.swift */,
			);
			path = HomeController;
			sourceTree = "<group>";
		};
		E4FB10542E79505E00DB6CB6 /* XIB */ = {
			isa = PBXGroup;
			children = (
				E4FB10552E7950A400DB6CB6 /* ShopCategoryCollectionCell.swift */,
				E4FB10562E7950A400DB6CB6 /* ShopCategoryCollectionCell.xib */,
				E4FB10592E79528600DB6CB6 /* ShopCategoryTableCell.swift */,
				E4FB105A2E79528600DB6CB6 /* ShopCategoryTableCell.xib */,
				E44A67D12E7980780017A3F8 /* ProductsCollectionCell.swift */,
				E44A67D22E7980780017A3F8 /* ProductsCollectionCell.xib */,
				E44A67D52E7981570017A3F8 /* ProductsTableViewCell.swift */,
				E44A67D62E7981570017A3F8 /* ProductsTableViewCell.xib */,
				E44A67D92E798E6A0017A3F8 /* TopBrandsTableCell.swift */,
				E44A67DA2E798E6A0017A3F8 /* TopBrandsTableCell.xib */,
				E44A67DD2E798E8B0017A3F8 /* TopBrandsCollectionCell.swift */,
				E44A67DE2E798E8B0017A3F8 /* TopBrandsCollectionCell.xib */,
				E4473A4B2E7A79B4009D3FCF /* TrendyProductsTableCell.swift */,
				E4473A4C2E7A79B4009D3FCF /* TrendyProductsTableCell.xib */,
				E4473A4F2E7A79DE009D3FCF /* TrendyProductCollectionCell.swift */,
				E4473A502E7A79DE009D3FCF /* TrendyProductCollectionCell.xib */,
				E4473A572E7AAB5C009D3FCF /* PremiumShopTableCell.swift */,
				E4473A582E7AAB5C009D3FCF /* PremiumShopTableCell.xib */,
				E4473A5B2E7AAC26009D3FCF /* PremiumShopCollectionCell.swift */,
				E4473A5C2E7AAC26009D3FCF /* PremiumShopCollectionCell.xib */,
				E4473A5F2E7ABFC2009D3FCF /* ServicesCollectionCell.swift */,
				E4473A602E7ABFC2009D3FCF /* ServicesCollectionCell.xib */,
				E4473A632E7AC35D009D3FCF /* PremimumShopTableCell.swift */,
				E4473A642E7AC35D009D3FCF /* PremimumShopTableCell.xib */,
			);
			path = XIB;
			sourceTree = "<group>";
		};
/* End PBXGroup section */

/* Begin PBXNativeTarget section */
		E4FB10182E7925E500DB6CB6 /* Test App */ = {
			isa = PBXNativeTarget;
			buildConfigurationList = E4FB10432E7925E900DB6CB6 /* Build configuration list for PBXNativeTarget "Test App" */;
			buildPhases = (
				E4FB10152E7925E500DB6CB6 /* Sources */,
				E4FB10162E7925E500DB6CB6 /* Frameworks */,
				E4FB10172E7925E500DB6CB6 /* Resources */,
			);
			buildRules = (
			);
			dependencies = (
			);
			name = "Test App";
			packageProductDependencies = (
			);
			productName = "Test App";
			productReference = E4FB10192E7925E500DB6CB6 /* Test App.app */;
			productType = "com.apple.product-type.application";
		};
		E4FB102E2E7925E900DB6CB6 /* Test AppTests */ = {
			isa = PBXNativeTarget;
			buildConfigurationList = E4FB10462E7925E900DB6CB6 /* Build configuration list for PBXNativeTarget "Test AppTests" */;
			buildPhases = (
				E4FB102B2E7925E900DB6CB6 /* Sources */,
				E4FB102C2E7925E900DB6CB6 /* Frameworks */,
				E4FB102D2E7925E900DB6CB6 /* Resources */,
			);
			buildRules = (
			);
			dependencies = (
				E4FB10312E7925E900DB6CB6 /* PBXTargetDependency */,
			);
			name = "Test AppTests";
			productName = "Test AppTests";
			productReference = E4FB102F2E7925E900DB6CB6 /* Test AppTests.xctest */;
			productType = "com.apple.product-type.bundle.unit-test";
		};
		E4FB10382E7925E900DB6CB6 /* Test AppUITests */ = {
			isa = PBXNativeTarget;
			buildConfigurationList = E4FB10492E7925E900DB6CB6 /* Build configuration list for PBXNativeTarget "Test AppUITests" */;
			buildPhases = (
				E4FB10352E7925E900DB6CB6 /* Sources */,
				E4FB10362E7925E900DB6CB6 /* Frameworks */,
				E4FB10372E7925E900DB6CB6 /* Resources */,
			);
			buildRules = (
			);
			dependencies = (
				E4FB103B2E7925E900DB6CB6 /* PBXTargetDependency */,
			);
			name = "Test AppUITests";
			productName = "Test AppUITests";
			productReference = E4FB10392E7925E900DB6CB6 /* Test AppUITests.xctest */;
			productType = "com.apple.product-type.bundle.ui-testing";
		};
/* End PBXNativeTarget section */

/* Begin PBXProject section */
		E4FB10112E7925E500DB6CB6 /* Project object */ = {
			isa = PBXProject;
			attributes = {
				BuildIndependentTargetsInParallel = 1;
				LastSwiftUpdateCheck = 1420;
				LastUpgradeCheck = 1420;
				TargetAttributes = {
					E4FB10182E7925E500DB6CB6 = {
						CreatedOnToolsVersion = 14.2;
					};
					E4FB102E2E7925E900DB6CB6 = {
						CreatedOnToolsVersion = 14.2;
						TestTargetID = E4FB10182E7925E500DB6CB6;
					};
					E4FB10382E7925E900DB6CB6 = {
						CreatedOnToolsVersion = 14.2;
						TestTargetID = E4FB10182E7925E500DB6CB6;
					};
				};
			};
			buildConfigurationList = E4FB10142E7925E500DB6CB6 /* Build configuration list for PBXProject "Test App" */;
			compatibilityVersion = "Xcode 14.0";
			developmentRegion = en;
			hasScannedForEncodings = 0;
			knownRegions = (
				en,
				Base,
			);
			mainGroup = E4FB10102E7925E500DB6CB6;
			packageReferences = (
				E45CE15C2E796FAB00FDA488 /* XCRemoteSwiftPackageReference "SDWebImage" */,
				E44A67CB2E7970B50017A3F8 /* XCRemoteSwiftPackageReference "Kingfisher" */,
			);
			productRefGroup = E4FB101A2E7925E500DB6CB6 /* Products */;
			projectDirPath = "";
			projectRoot = "";
			targets = (
				E4FB10182E7925E500DB6CB6 /* Test App */,
				E4FB102E2E7925E900DB6CB6 /* Test AppTests */,
				E4FB10382E7925E900DB6CB6 /* Test AppUITests */,
			);
		};
/* End PBXProject section */

/* Begin PBXResourcesBuildPhase section */
		E4FB10172E7925E500DB6CB6 /* Resources */ = {
			isa = PBXResourcesBuildPhase;
			buildActionMask = 2147483647;
			files = (
				E4473A522E7A79DE009D3FCF /* TrendyProductCollectionCell.xib in Resources */,
				E4FB10292E7925E800DB6CB6 /* LaunchScreen.storyboard in Resources */,
				E4FB10262E7925E800DB6CB6 /* Assets.xcassets in Resources */,
				E4473A4E2E7A79B5009D3FCF /* TrendyProductsTableCell.xib in Resources */,
				E4FB105C2E79528600DB6CB6 /* ShopCategoryTableCell.xib in Resources */,
				E4473A5E2E7AAC26009D3FCF /* PremiumShopCollectionCell.xib in Resources */,
				E44A67E02E798E8B0017A3F8 /* TopBrandsCollectionCell.xib in Resources */,
				E4FB10242E7925E500DB6CB6 /* Main.storyboard in Resources */,
				E44A67DC2E798E6A0017A3F8 /* TopBrandsTableCell.xib in Resources */,
				E4473A662E7AC35D009D3FCF /* PremimumShopTableCell.xib in Resources */,
				E44A67D82E7981570017A3F8 /* ProductsTableViewCell.xib in Resources */,
				E4473A622E7ABFC3009D3FCF /* ServicesCollectionCell.xib in Resources */,
				E4FB10582E7950A400DB6CB6 /* ShopCategoryCollectionCell.xib in Resources */,
				E4473A5A2E7AAB5D009D3FCF /* PremiumShopTableCell.xib in Resources */,
				E44A67D42E7980780017A3F8 /* ProductsCollectionCell.xib in Resources */,
			);
			runOnlyForDeploymentPostprocessing = 0;
		};
		E4FB102D2E7925E900DB6CB6 /* Resources */ = {
			isa = PBXResourcesBuildPhase;
			buildActionMask = 2147483647;
			files = (
			);
			runOnlyForDeploymentPostprocessing = 0;
		};
		E4FB10372E7925E900DB6CB6 /* Resources */ = {
			isa = PBXResourcesBuildPhase;
			buildActionMask = 2147483647;
			files = (
			);
			runOnlyForDeploymentPostprocessing = 0;
		};
/* End PBXResourcesBuildPhase section */

/* Begin PBXSourcesBuildPhase section */
		E4FB10152E7925E500DB6CB6 /* Sources */ = {
			isa = PBXSourcesBuildPhase;
			buildActionMask = 2147483647;
			files = (
				E4FB105E2E7957B400DB6CB6 /* ProductsViewModel.swift in Sources */,
				E4473A512E7A79DE009D3FCF /* TrendyProductCollectionCell.swift in Sources */,
				E44A67D72E7981570017A3F8 /* ProductsTableViewCell.swift in Sources */,
				E4FB10602E7958B600DB6CB6 /* ProductListModel.swift in Sources */,
				E44A67DB2E798E6A0017A3F8 /* TopBrandsTableCell.swift in Sources */,
				E4FB10212E7925E500DB6CB6 /* ViewController.swift in Sources */,
				E4473A592E7AAB5D009D3FCF /* PremiumShopTableCell.swift in Sources */,
				E44A67DF2E798E8B0017A3F8 /* TopBrandsCollectionCell.swift in Sources */,
				E4473A652E7AC35D009D3FCF /* PremimumShopTableCell.swift in Sources */,
				E44A67D02E797FC30017A3F8 /* ImageDownloadManager.swift in Sources */,
				E4FB101D2E7925E500DB6CB6 /* AppDelegate.swift in Sources */,
				E4473A5D2E7AAC26009D3FCF /* PremiumShopCollectionCell.swift in Sources */,
				E4FB105B2E79528600DB6CB6 /* ShopCategoryTableCell.swift in Sources */,
				E44A67D32E7980780017A3F8 /* ProductsCollectionCell.swift in Sources */,
				E4FB10572E7950A400DB6CB6 /* ShopCategoryCollectionCell.swift in Sources */,
				E4473A612E7ABFC3009D3FCF /* ServicesCollectionCell.swift in Sources */,
				E4473A4D2E7A79B5009D3FCF /* TrendyProductsTableCell.swift in Sources */,
				E4FB101F2E7925E500DB6CB6 /* SceneDelegate.swift in Sources */,
			);
			runOnlyForDeploymentPostprocessing = 0;
		};
		E4FB102B2E7925E900DB6CB6 /* Sources */ = {
			isa = PBXSourcesBuildPhase;
			buildActionMask = 2147483647;
			files = (
				E4FB10342E7925E900DB6CB6 /* Test_AppTests.swift in Sources */,
			);
			runOnlyForDeploymentPostprocessing = 0;
		};
		E4FB10352E7925E900DB6CB6 /* Sources */ = {
			isa = PBXSourcesBuildPhase;
			buildActionMask = 2147483647;
			files = (
				E4FB10402E7925E900DB6CB6 /* Test_AppUITestsLaunchTests.swift in Sources */,
				E4FB103E2E7925E900DB6CB6 /* Test_AppUITests.swift in Sources */,
			);
			runOnlyForDeploymentPostprocessing = 0;
		};
/* End PBXSourcesBuildPhase section */

/* Begin PBXTargetDependency section */
		E4FB10312E7925E900DB6CB6 /* PBXTargetDependency */ = {
			isa = PBXTargetDependency;
			target = E4FB10182E7925E500DB6CB6 /* Test App */;
			targetProxy = E4FB10302E7925E900DB6CB6 /* PBXContainerItemProxy */;
		};
		E4FB103B2E7925E900DB6CB6 /* PBXTargetDependency */ = {
			isa = PBXTargetDependency;
			target = E4FB10182E7925E500DB6CB6 /* Test App */;
			targetProxy = E4FB103A2E7925E900DB6CB6 /* PBXContainerItemProxy */;
		};
/* End PBXTargetDependency section */

/* Begin PBXVariantGroup section */
		E4FB10222E7925E500DB6CB6 /* Main.storyboard */ = {
			isa = PBXVariantGroup;
			children = (
				E4FB10232E7925E500DB6CB6 /* Base */,
			);
			name = Main.storyboard;
			sourceTree = "<group>";
		};
		E4FB10272E7925E800DB6CB6 /* LaunchScreen.storyboard */ = {
			isa = PBXVariantGroup;
			children = (
				E4FB10282E7925E800DB6CB6 /* Base */,
			);
			name = LaunchScreen.storyboard;
			sourceTree = "<group>";
		};
/* End PBXVariantGroup section */

/* Begin XCBuildConfiguration section */
		E4FB10412E7925E900DB6CB6 /* Debug */ = {
			isa = XCBuildConfiguration;
			buildSettings = {
				ALWAYS_SEARCH_USER_PATHS = NO;
				CLANG_ANALYZER_NONNULL = YES;
				CLANG_ANALYZER_NUMBER_OBJECT_CONVERSION = YES_AGGRESSIVE;
				CLANG_CXX_LANGUAGE_STANDARD = "gnu++20";
				CLANG_ENABLE_MODULES = YES;
				CLANG_ENABLE_OBJC_ARC = YES;
				CLANG_ENABLE_OBJC_WEAK = YES;
				CLANG_WARN_BLOCK_CAPTURE_AUTORELEASING = YES;
				CLANG_WARN_BOOL_CONVERSION = YES;
				CLANG_WARN_COMMA = YES;
				CLANG_WARN_CONSTANT_CONVERSION = YES;
				CLANG_WARN_DEPRECATED_OBJC_IMPLEMENTATIONS = YES;
				CLANG_WARN_DIRECT_OBJC_ISA_USAGE = YES_ERROR;
				CLANG_WARN_DOCUMENTATION_COMMENTS = YES;
				CLANG_WARN_EMPTY_BODY = YES;
				CLANG_WARN_ENUM_CONVERSION = YES;
				CLANG_WARN_INFINITE_RECURSION = YES;
				CLANG_WARN_INT_CONVERSION = YES;
				CLANG_WARN_NON_LITERAL_NULL_CONVERSION = YES;
				CLANG_WARN_OBJC_IMPLICIT_RETAIN_SELF = YES;
				CLANG_WARN_OBJC_LITERAL_CONVERSION = YES;
				CLANG_WARN_OBJC_ROOT_CLASS = YES_ERROR;
				CLANG_WARN_QUOTED_INCLUDE_IN_FRAMEWORK_HEADER = YES;
				CLANG_WARN_RANGE_LOOP_ANALYSIS = YES;
				CLANG_WARN_STRICT_PROTOTYPES = YES;
				CLANG_WARN_SUSPICIOUS_MOVE = YES;
				CLANG_WARN_UNGUARDED_AVAILABILITY = YES_AGGRESSIVE;
				CLANG_WARN_UNREACHABLE_CODE = YES;
				CLANG_WARN__DUPLICATE_METHOD_MATCH = YES;
				COPY_PHASE_STRIP = NO;
				DEBUG_INFORMATION_FORMAT = dwarf;
				ENABLE_STRICT_OBJC_MSGSEND = YES;
				ENABLE_TESTABILITY = YES;
				GCC_C_LANGUAGE_STANDARD = gnu11;
				GCC_DYNAMIC_NO_PIC = NO;
				GCC_NO_COMMON_BLOCKS = YES;
				GCC_OPTIMIZATION_LEVEL = 0;
				GCC_PREPROCESSOR_DEFINITIONS = (
					"DEBUG=1",
					"$(inherited)",
				);
				GCC_WARN_64_TO_32_BIT_CONVERSION = YES;
				GCC_WARN_ABOUT_RETURN_TYPE = YES_ERROR;
				GCC_WARN_UNDECLARED_SELECTOR = YES;
				GCC_WARN_UNINITIALIZED_AUTOS = YES_AGGRESSIVE;
				GCC_WARN_UNUSED_FUNCTION = YES;
				GCC_WARN_UNUSED_VARIABLE = YES;
				IPHONEOS_DEPLOYMENT_TARGET = 16.2;
				MTL_ENABLE_DEBUG_INFO = INCLUDE_SOURCE;
				MTL_FAST_MATH = YES;
				ONLY_ACTIVE_ARCH = YES;
				SDKROOT = iphoneos;
				SWIFT_ACTIVE_COMPILATION_CONDITIONS = DEBUG;
				SWIFT_OPTIMIZATION_LEVEL = "-Onone";
			};
			name = Debug;
		};
		E4FB10422E7925E900DB6CB6 /* Release */ = {
			isa = XCBuildConfiguration;
			buildSettings = {
				ALWAYS_SEARCH_USER_PATHS = NO;
				CLANG_ANALYZER_NONNULL = YES;
				CLANG_ANALYZER_NUMBER_OBJECT_CONVERSION = YES_AGGRESSIVE;
				CLANG_CXX_LANGUAGE_STANDARD = "gnu++20";
				CLANG_ENABLE_MODULES = YES;
				CLANG_ENABLE_OBJC_ARC = YES;
				CLANG_ENABLE_OBJC_WEAK = YES;
				CLANG_WARN_BLOCK_CAPTURE_AUTORELEASING = YES;
				CLANG_WARN_BOOL_CONVERSION = YES;
				CLANG_WARN_COMMA = YES;
				CLANG_WARN_CONSTANT_CONVERSION = YES;
				CLANG_WARN_DEPRECATED_OBJC_IMPLEMENTATIONS = YES;
				CLANG_WARN_DIRECT_OBJC_ISA_USAGE = YES_ERROR;
				CLANG_WARN_DOCUMENTATION_COMMENTS = YES;
				CLANG_WARN_EMPTY_BODY = YES;
				CLANG_WARN_ENUM_CONVERSION = YES;
				CLANG_WARN_INFINITE_RECURSION = YES;
				CLANG_WARN_INT_CONVERSION = YES;
				CLANG_WARN_NON_LITERAL_NULL_CONVERSION = YES;
				CLANG_WARN_OBJC_IMPLICIT_RETAIN_SELF = YES;
				CLANG_WARN_OBJC_LITERAL_CONVERSION = YES;
				CLANG_WARN_OBJC_ROOT_CLASS = YES_ERROR;
				CLANG_WARN_QUOTED_INCLUDE_IN_FRAMEWORK_HEADER = YES;
				CLANG_WARN_RANGE_LOOP_ANALYSIS = YES;
				CLANG_WARN_STRICT_PROTOTYPES = YES;
				CLANG_WARN_SUSPICIOUS_MOVE = YES;
				CLANG_WARN_UNGUARDED_AVAILABILITY = YES_AGGRESSIVE;
				CLANG_WARN_UNREACHABLE_CODE = YES;
				CLANG_WARN__DUPLICATE_METHOD_MATCH = YES;
				COPY_PHASE_STRIP = NO;
				DEBUG_INFORMATION_FORMAT = "dwarf-with-dsym";
				ENABLE_NS_ASSERTIONS = NO;
				ENABLE_STRICT_OBJC_MSGSEND = YES;
				GCC_C_LANGUAGE_STANDARD = gnu11;
				GCC_NO_COMMON_BLOCKS = YES;
				GCC_WARN_64_TO_32_BIT_CONVERSION = YES;
				GCC_WARN_ABOUT_RETURN_TYPE = YES_ERROR;
				GCC_WARN_UNDECLARED_SELECTOR = YES;
				GCC_WARN_UNINITIALIZED_AUTOS = YES_AGGRESSIVE;
				GCC_WARN_UNUSED_FUNCTION = YES;
				GCC_WARN_UNUSED_VARIABLE = YES;
				IPHONEOS_DEPLOYMENT_TARGET = 16.2;
				MTL_ENABLE_DEBUG_INFO = NO;
				MTL_FAST_MATH = YES;
				SDKROOT = iphoneos;
				SWIFT_COMPILATION_MODE = wholemodule;
				SWIFT_OPTIMIZATION_LEVEL = "-O";
				VALIDATE_PRODUCT = YES;
			};
			name = Release;
		};
		E4FB10442E7925E900DB6CB6 /* Debug */ = {
			isa = XCBuildConfiguration;
			buildSettings = {
				ASSETCATALOG_COMPILER_APPICON_NAME = AppIcon;
				ASSETCATALOG_COMPILER_GLOBAL_ACCENT_COLOR_NAME = AccentColor;
				CODE_SIGN_STYLE = Automatic;
				CURRENT_PROJECT_VERSION = 1;
				DEVELOPMENT_TEAM = 82RH97N8EA;
				GENERATE_INFOPLIST_FILE = YES;
				INFOPLIST_FILE = "Test App/Info.plist";
				INFOPLIST_KEY_UIApplicationSupportsIndirectInputEvents = YES;
				INFOPLIST_KEY_UILaunchStoryboardName = LaunchScreen;
				INFOPLIST_KEY_UIMainStoryboardFile = Main;
				INFOPLIST_KEY_UISupportedInterfaceOrientations = "UIInterfaceOrientationLandscapeLeft UIInterfaceOrientationLandscapeRight UIInterfaceOrientationPortrait";
				INFOPLIST_KEY_UISupportedInterfaceOrientations_iPad = "UIInterfaceOrientationLandscapeLeft UIInterfaceOrientationLandscapeRight";
				IPHONEOS_DEPLOYMENT_TARGET = 15.0;
				LD_RUNPATH_SEARCH_PATHS = (
					"$(inherited)",
					"@executable_path/Frameworks",
				);
				MARKETING_VERSION = 1.0;
				PRODUCT_BUNDLE_IDENTIFIER = "com.test.app.Tests-App";
				PRODUCT_NAME = "$(TARGET_NAME)";
				SWIFT_EMIT_LOC_STRINGS = YES;
				SWIFT_VERSION = 5.0;
				TARGETED_DEVICE_FAMILY = "1,2";
			};
			name = Debug;
		};
		E4FB10452E7925E900DB6CB6 /* Release */ = {
			isa = XCBuildConfiguration;
			buildSettings = {
				ASSETCATALOG_COMPILER_APPICON_NAME = AppIcon;
				ASSETCATALOG_COMPILER_GLOBAL_ACCENT_COLOR_NAME = AccentColor;
				CODE_SIGN_STYLE = Automatic;
				CURRENT_PROJECT_VERSION = 1;
				DEVELOPMENT_TEAM = 82RH97N8EA;
				GENERATE_INFOPLIST_FILE = YES;
				INFOPLIST_FILE = "Test App/Info.plist";
				INFOPLIST_KEY_UIApplicationSupportsIndirectInputEvents = YES;
				INFOPLIST_KEY_UILaunchStoryboardName = LaunchScreen;
				INFOPLIST_KEY_UIMainStoryboardFile = Main;
				INFOPLIST_KEY_UISupportedInterfaceOrientations = "UIInterfaceOrientationLandscapeLeft UIInterfaceOrientationLandscapeRight UIInterfaceOrientationPortrait";
				INFOPLIST_KEY_UISupportedInterfaceOrientations_iPad = "UIInterfaceOrientationLandscapeLeft UIInterfaceOrientationLandscapeRight";
				IPHONEOS_DEPLOYMENT_TARGET = 15.0;
				LD_RUNPATH_SEARCH_PATHS = (
					"$(inherited)",
					"@executable_path/Frameworks",
				);
				MARKETING_VERSION = 1.0;
				PRODUCT_BUNDLE_IDENTIFIER = "com.test.app.Tests-App";
				PRODUCT_NAME = "$(TARGET_NAME)";
				SWIFT_EMIT_LOC_STRINGS = YES;
				SWIFT_VERSION = 5.0;
				TARGETED_DEVICE_FAMILY = "1,2";
			};
			name = Release;
		};
		E4FB10472E7925E900DB6CB6 /* Debug */ = {
			isa = XCBuildConfiguration;
			buildSettings = {
				ALWAYS_EMBED_SWIFT_STANDARD_LIBRARIES = YES;
				BUNDLE_LOADER = "$(TEST_HOST)";
				CODE_SIGN_STYLE = Automatic;
				CURRENT_PROJECT_VERSION = 1;
				GENERATE_INFOPLIST_FILE = YES;
				IPHONEOS_DEPLOYMENT_TARGET = 16.2;
				MARKETING_VERSION = 1.0;
				PRODUCT_BUNDLE_IDENTIFIER = "com.test.app.Test-AppTests";
				PRODUCT_NAME = "$(TARGET_NAME)";
				SWIFT_EMIT_LOC_STRINGS = NO;
				SWIFT_VERSION = 5.0;
				TARGETED_DEVICE_FAMILY = "1,2";
				TEST_HOST = "$(BUILT_PRODUCTS_DIR)/Test App.app/$(BUNDLE_EXECUTABLE_FOLDER_PATH)/Test App";
			};
			name = Debug;
		};
		E4FB10482E7925E900DB6CB6 /* Release */ = {
			isa = XCBuildConfiguration;
			buildSettings = {
				ALWAYS_EMBED_SWIFT_STANDARD_LIBRARIES = YES;
				BUNDLE_LOADER = "$(TEST_HOST)";
				CODE_SIGN_STYLE = Automatic;
				CURRENT_PROJECT_VERSION = 1;
				GENERATE_INFOPLIST_FILE = YES;
				IPHONEOS_DEPLOYMENT_TARGET = 16.2;
				MARKETING_VERSION = 1.0;
				PRODUCT_BUNDLE_IDENTIFIER = "com.test.app.Test-AppTests";
				PRODUCT_NAME = "$(TARGET_NAME)";
				SWIFT_EMIT_LOC_STRINGS = NO;
				SWIFT_VERSION = 5.0;
				TARGETED_DEVICE_FAMILY = "1,2";
				TEST_HOST = "$(BUILT_PRODUCTS_DIR)/Test App.app/$(BUNDLE_EXECUTABLE_FOLDER_PATH)/Test App";
			};
			name = Release;
		};
		E4FB104A2E7925E900DB6CB6 /* Debug */ = {
			isa = XCBuildConfiguration;
			buildSettings = {
				ALWAYS_EMBED_SWIFT_STANDARD_LIBRARIES = YES;
				CODE_SIGN_STYLE = Automatic;
				CURRENT_PROJECT_VERSION = 1;
				GENERATE_INFOPLIST_FILE = YES;
				MARKETING_VERSION = 1.0;
				PRODUCT_BUNDLE_IDENTIFIER = "com.test.app.Test-AppUITests";
				PRODUCT_NAME = "$(TARGET_NAME)";
				SWIFT_EMIT_LOC_STRINGS = NO;
				SWIFT_VERSION = 5.0;
				TARGETED_DEVICE_FAMILY = "1,2";
				TEST_TARGET_NAME = "Test App";
			};
			name = Debug;
		};
		E4FB104B2E7925E900DB6CB6 /* Release */ = {
			isa = XCBuildConfiguration;
			buildSettings = {
				ALWAYS_EMBED_SWIFT_STANDARD_LIBRARIES = YES;
				CODE_SIGN_STYLE = Automatic;
				CURRENT_PROJECT_VERSION = 1;
				GENERATE_INFOPLIST_FILE = YES;
				MARKETING_VERSION = 1.0;
				PRODUCT_BUNDLE_IDENTIFIER = "com.test.app.Test-AppUITests";
				PRODUCT_NAME = "$(TARGET_NAME)";
				SWIFT_EMIT_LOC_STRINGS = NO;
				SWIFT_VERSION = 5.0;
				TARGETED_DEVICE_FAMILY = "1,2";
				TEST_TARGET_NAME = "Test App";
			};
			name = Release;
		};
/* End XCBuildConfiguration section */

/* Begin XCConfigurationList section */
		E4FB10142E7925E500DB6CB6 /* Build configuration list for PBXProject "Test App" */ = {
			isa = XCConfigurationList;
			buildConfigurations = (
				E4FB10412E7925E900DB6CB6 /* Debug */,
				E4FB10422E7925E900DB6CB6 /* Release */,
			);
			defaultConfigurationIsVisible = 0;
			defaultConfigurationName = Release;
		};
		E4FB10432E7925E900DB6CB6 /* Build configuration list for PBXNativeTarget "Test App" */ = {
			isa = XCConfigurationList;
			buildConfigurations = (
				E4FB10442E7925E900DB6CB6 /* Debug */,
				E4FB10452E7925E900DB6CB6 /* Release */,
			);
			defaultConfigurationIsVisible = 0;
			defaultConfigurationName = Release;
		};
		E4FB10462E7925E900DB6CB6 /* Build configuration list for PBXNativeTarget "Test AppTests" */ = {
			isa = XCConfigurationList;
			buildConfigurations = (
				E4FB10472E7925E900DB6CB6 /* Debug */,
				E4FB10482E7925E900DB6CB6 /* Release */,
			);
			defaultConfigurationIsVisible = 0;
			defaultConfigurationName = Release;
		};
		E4FB10492E7925E900DB6CB6 /* Build configuration list for PBXNativeTarget "Test AppUITests" */ = {
			isa = XCConfigurationList;
			buildConfigurations = (
				E4FB104A2E7925E900DB6CB6 /* Debug */,
				E4FB104B2E7925E900DB6CB6 /* Release */,
			);
			defaultConfigurationIsVisible = 0;
			defaultConfigurationName = Release;
		};
/* End XCConfigurationList section */

/* Begin XCRemoteSwiftPackageReference section */
		E44A67CB2E7970B50017A3F8 /* XCRemoteSwiftPackageReference "Kingfisher" */ = {
			isa = XCRemoteSwiftPackageReference;
			repositoryURL = "https://github.com/onevcat/Kingfisher.git";
			requirement = {
				kind = upToNextMajorVersion;
				minimumVersion = 8.0.0;
			};
		};
		E45CE15C2E796FAB00FDA488 /* XCRemoteSwiftPackageReference "SDWebImage" */ = {
			isa = XCRemoteSwiftPackageReference;
			repositoryURL = "https://github.com/SDWebImage/SDWebImage.git";
			requirement = {
				kind = upToNextMajorVersion;
				minimumVersion = 5.0.0;
			};
		};
/* End XCRemoteSwiftPackageReference section */
	};
	rootObject = E4FB10112E7925E500DB6CB6 /* Project object */;
}
